// !$*UTF8*$!
{
	archiveVersion = 1;
	classes = {
	};
	objectVersion = 46;
	objects = {

/* Begin PBXBuildFile section */
		2F067B25684FB56914ABE665 /* Pods_ASDK_CollectionCellNode_TableNode_crash.framework in Frameworks */ = {isa = PBXBuildFile; fileRef = 0F2A0CAF1C990E16407402C4 /* Pods_ASDK_CollectionCellNode_TableNode_crash.framework */; };
		FC0333B11C0C9BE8001E80D2 /* AppDelegate.swift in Sources */ = {isa = PBXBuildFile; fileRef = FC0333B01C0C9BE8001E80D2 /* AppDelegate.swift */; };
		FC0333B31C0C9BE8001E80D2 /* ModalViewController.swift in Sources */ = {isa = PBXBuildFile; fileRef = FC0333B21C0C9BE8001E80D2 /* ModalViewController.swift */; };
		FC0333B81C0C9BE8001E80D2 /* Assets.xcassets in Resources */ = {isa = PBXBuildFile; fileRef = FC0333B71C0C9BE8001E80D2 /* Assets.xcassets */; };
		FC0333BB1C0C9BE8001E80D2 /* LaunchScreen.storyboard in Resources */ = {isa = PBXBuildFile; fileRef = FC0333B91C0C9BE8001E80D2 /* LaunchScreen.storyboard */; };
		FC0333C31C0CA278001E80D2 /* ViewController.swift in Sources */ = {isa = PBXBuildFile; fileRef = FC0333C21C0CA278001E80D2 /* ViewController.swift */; };
/* End PBXBuildFile section */

/* Begin PBXFileReference section */
		0F2A0CAF1C990E16407402C4 /* Pods_ASDK_CollectionCellNode_TableNode_crash.framework */ = {isa = PBXFileReference; explicitFileType = wrapper.framework; includeInIndex = 0; path = Pods_ASDK_CollectionCellNode_TableNode_crash.framework; sourceTree = BUILT_PRODUCTS_DIR; };
		496EC6B2A10BF485D2CA3ED1 /* Pods-ASDK_CollectionCellNode-TableNode-crash.release.xcconfig */ = {isa = PBXFileReference; includeInIndex = 1; lastKnownFileType = text.xcconfig; name = "Pods-ASDK_CollectionCellNode-TableNode-crash.release.xcconfig"; path = "Pods/Target Support Files/Pods-ASDK_CollectionCellNode-TableNode-crash/Pods-ASDK_CollectionCellNode-TableNode-crash.release.xcconfig"; sourceTree = "<group>"; };
		8B8F01C11DA2F15104579024 /* Pods-ASDK_CollectionCellNode-TableNode-crash.debug.xcconfig */ = {isa = PBXFileReference; includeInIndex = 1; lastKnownFileType = text.xcconfig; name = "Pods-ASDK_CollectionCellNode-TableNode-crash.debug.xcconfig"; path = "Pods/Target Support Files/Pods-ASDK_CollectionCellNode-TableNode-crash/Pods-ASDK_CollectionCellNode-TableNode-crash.debug.xcconfig"; sourceTree = "<group>"; };
		FC0333AD1C0C9BE8001E80D2 /* ASDK_CollectionCellNode-TableNode-crash.app */ = {isa = PBXFileReference; explicitFileType = wrapper.application; includeInIndex = 0; path = "ASDK_CollectionCellNode-TableNode-crash.app"; sourceTree = BUILT_PRODUCTS_DIR; };
		FC0333B01C0C9BE8001E80D2 /* AppDelegate.swift */ = {isa = PBXFileReference; lastKnownFileType = sourcecode.swift; path = AppDelegate.swift; sourceTree = "<group>"; };
		FC0333B21C0C9BE8001E80D2 /* ModalViewController.swift */ = {isa = PBXFileReference; lastKnownFileType = sourcecode.swift; path = ModalViewController.swift; sourceTree = "<group>"; };
		FC0333B71C0C9BE8001E80D2 /* Assets.xcassets */ = {isa = PBXFileReference; lastKnownFileType = folder.assetcatalog; path = Assets.xcassets; sourceTree = "<group>"; };
		FC0333BA1C0C9BE8001E80D2 /* Base */ = {isa = PBXFileReference; lastKnownFileType = file.storyboard; name = Base; path = Base.lproj/LaunchScreen.storyboard; sourceTree = "<group>"; };
		FC0333BC1C0C9BE8001E80D2 /* Info.plist */ = {isa = PBXFileReference; lastKnownFileType = text.plist.xml; path = Info.plist; sourceTree = "<group>"; };
		FC0333C21C0CA278001E80D2 /* ViewController.swift */ = {isa = PBXFileReference; fileEncoding = 4; lastKnownFileType = sourcecode.swift; path = ViewController.swift; sourceTree = "<group>"; };
/* End PBXFileReference section */

/* Begin PBXFrameworksBuildPhase section */
		FC0333AA1C0C9BE8001E80D2 /* Frameworks */ = {
			isa = PBXFrameworksBuildPhase;
			buildActionMask = 2147483647;
			files = (
				2F067B25684FB56914ABE665 /* Pods_ASDK_CollectionCellNode_TableNode_crash.framework in Frameworks */,
			);
			runOnlyForDeploymentPostprocessing = 0;
		};
/* End PBXFrameworksBuildPhase section */

/* Begin PBXGroup section */
		37D1CD210DA84A5649EEABD6 /* Pods */ = {
			isa = PBXGroup;
			children = (
				8B8F01C11DA2F15104579024 /* Pods-ASDK_CollectionCellNode-TableNode-crash.debug.xcconfig */,
				496EC6B2A10BF485D2CA3ED1 /* Pods-ASDK_CollectionCellNode-TableNode-crash.release.xcconfig */,
			);
			name = Pods;
			sourceTree = "<group>";
		};
		6EED72EC5E39104ED8730AFE /* Frameworks */ = {
			isa = PBXGroup;
			children = (
				0F2A0CAF1C990E16407402C4 /* Pods_ASDK_CollectionCellNode_TableNode_crash.framework */,
			);
			name = Frameworks;
			sourceTree = "<group>";
		};
		FC0333A41C0C9BE8001E80D2 = {
			isa = PBXGroup;
			children = (
				FC0333AF1C0C9BE8001E80D2 /* ASDK_CollectionCellNode-TableNode-crash */,
				FC0333AE1C0C9BE8001E80D2 /* Products */,
				37D1CD210DA84A5649EEABD6 /* Pods */,
				6EED72EC5E39104ED8730AFE /* Frameworks */,
			);
			sourceTree = "<group>";
		};
		FC0333AE1C0C9BE8001E80D2 /* Products */ = {
			isa = PBXGroup;
			children = (
				FC0333AD1C0C9BE8001E80D2 /* ASDK_CollectionCellNode-TableNode-crash.app */,
			);
			name = Products;
			sourceTree = "<group>";
		};
		FC0333AF1C0C9BE8001E80D2 /* ASDK_CollectionCellNode-TableNode-crash */ = {
			isa = PBXGroup;
			children = (
				FC0333B01C0C9BE8001E80D2 /* AppDelegate.swift */,
				FC0333C21C0CA278001E80D2 /* ViewController.swift */,
				FC0333B21C0C9BE8001E80D2 /* ModalViewController.swift */,
				FC0333B71C0C9BE8001E80D2 /* Assets.xcassets */,
				FC0333B91C0C9BE8001E80D2 /* LaunchScreen.storyboard */,
				FC0333BC1C0C9BE8001E80D2 /* Info.plist */,
			);
			path = "ASDK_CollectionCellNode-TableNode-crash";
			sourceTree = "<group>";
		};
/* End PBXGroup section */

/* Begin PBXNativeTarget section */
		FC0333AC1C0C9BE8001E80D2 /* ASDK_CollectionCellNode-TableNode-crash */ = {
			isa = PBXNativeTarget;
			buildConfigurationList = FC0333BF1C0C9BE8001E80D2 /* Build configuration list for PBXNativeTarget "ASDK_CollectionCellNode-TableNode-crash" */;
			buildPhases = (
				09BDCF108C5B0D1911B07E91 /* Check Pods Manifest.lock */,
				FC0333A91C0C9BE8001E80D2 /* Sources */,
				FC0333AA1C0C9BE8001E80D2 /* Frameworks */,
				FC0333AB1C0C9BE8001E80D2 /* Resources */,
				DDEA54700079CF295F6D9199 /* Embed Pods Frameworks */,
				7488FE4152908D49A39697EA /* Copy Pods Resources */,
			);
			buildRules = (
			);
			dependencies = (
			);
			name = "ASDK_CollectionCellNode-TableNode-crash";
			productName = "ASDK_CollectionCellNode-TableNode-crash";
			productReference = FC0333AD1C0C9BE8001E80D2 /* ASDK_CollectionCellNode-TableNode-crash.app */;
			productType = "com.apple.product-type.application";
		};
/* End PBXNativeTarget section */

/* Begin PBXProject section */
		FC0333A51C0C9BE8001E80D2 /* Project object */ = {
			isa = PBXProject;
			attributes = {
				LastSwiftUpdateCheck = 0710;
				LastUpgradeCheck = 0710;
				ORGANIZATIONNAME = "iZi Mobile";
				TargetAttributes = {
					FC0333AC1C0C9BE8001E80D2 = {
						CreatedOnToolsVersion = 7.1.1;
					};
				};
			};
			buildConfigurationList = FC0333A81C0C9BE8001E80D2 /* Build configuration list for PBXProject "ASDK_CollectionCellNode-TableNode-crash" */;
			compatibilityVersion = "Xcode 3.2";
			developmentRegion = English;
			hasScannedForEncodings = 0;
			knownRegions = (
				en,
				Base,
			);
			mainGroup = FC0333A41C0C9BE8001E80D2;
			productRefGroup = FC0333AE1C0C9BE8001E80D2 /* Products */;
			projectDirPath = "";
			projectRoot = "";
			targets = (
				FC0333AC1C0C9BE8001E80D2 /* ASDK_CollectionCellNode-TableNode-crash */,
			);
		};
/* End PBXProject section */

/* Begin PBXResourcesBuildPhase section */
		FC0333AB1C0C9BE8001E80D2 /* Resources */ = {
			isa = PBXResourcesBuildPhase;
			buildActionMask = 2147483647;
			files = (
				FC0333BB1C0C9BE8001E80D2 /* LaunchScreen.storyboard in Resources */,
				FC0333B81C0C9BE8001E80D2 /* Assets.xcassets in Resources */,
			);
			runOnlyForDeploymentPostprocessing = 0;
		};
/* End PBXResourcesBuildPhase section */

/* Begin PBXShellScriptBuildPhase section */
		09BDCF108C5B0D1911B07E91 /* Check Pods Manifest.lock */ = {
			isa = PBXShellScriptBuildPhase;
			buildActionMask = 2147483647;
			files = (
			);
			inputPaths = (
			);
			name = "Check Pods Manifest.lock";
			outputPaths = (
			);
			runOnlyForDeploymentPostprocessing = 0;
			shellPath = /bin/sh;
			shellScript = "diff \"${PODS_ROOT}/../Podfile.lock\" \"${PODS_ROOT}/Manifest.lock\" > /dev/null\nif [[ $? != 0 ]] ; then\n    cat << EOM\nerror: The sandbox is not in sync with the Podfile.lock. Run 'pod install' or update your CocoaPods installation.\nEOM\n    exit 1\nfi\n";
			showEnvVarsInLog = 0;
		};
		7488FE4152908D49A39697EA /* Copy Pods Resources */ = {
			isa = PBXShellScriptBuildPhase;
			buildActionMask = 2147483647;
			files = (
			);
			inputPaths = (
			);
			name = "Copy Pods Resources";
			outputPaths = (
			);
			runOnlyForDeploymentPostprocessing = 0;
			shellPath = /bin/sh;
			shellScript = "\"${SRCROOT}/Pods/Target Support Files/Pods-ASDK_CollectionCellNode-TableNode-crash/Pods-ASDK_CollectionCellNode-TableNode-crash-resources.sh\"\n";
			showEnvVarsInLog = 0;
		};
		DDEA54700079CF295F6D9199 /* Embed Pods Frameworks */ = {
			isa = PBXShellScriptBuildPhase;
			buildActionMask = 2147483647;
			files = (
			);
			inputPaths = (
			);
			name = "Embed Pods Frameworks";
			outputPaths = (
			);
			runOnlyForDeploymentPostprocessing = 0;
			shellPath = /bin/sh;
			shellScript = "\"${SRCROOT}/Pods/Target Support Files/Pods-ASDK_CollectionCellNode-TableNode-crash/Pods-ASDK_CollectionCellNode-TableNode-crash-frameworks.sh\"\n";
			showEnvVarsInLog = 0;
		};
/* End PBXShellScriptBuildPhase section */

/* Begin PBXSourcesBuildPhase section */
		FC0333A91C0C9BE8001E80D2 /* Sources */ = {
			isa = PBXSourcesBuildPhase;
			buildActionMask = 2147483647;
			files = (
				FC0333C31C0CA278001E80D2 /* ViewController.swift in Sources */,
				FC0333B31C0C9BE8001E80D2 /* ModalViewController.swift in Sources */,
				FC0333B11C0C9BE8001E80D2 /* AppDelegate.swift in Sources */,
			);
			runOnlyForDeploymentPostprocessing = 0;
		};
/* End PBXSourcesBuildPhase section */

/* Begin PBXVariantGroup section */
		FC0333B91C0C9BE8001E80D2 /* LaunchScreen.storyboard */ = {
			isa = PBXVariantGroup;
			children = (
				FC0333BA1C0C9BE8001E80D2 /* Base */,
			);
			name = LaunchScreen.storyboard;
			sourceTree = "<group>";
		};
/* End PBXVariantGroup section */

/* Begin XCBuildConfiguration section */
		FC0333BD1C0C9BE8001E80D2 /* Debug */ = {
			isa = XCBuildConfiguration;
			buildSettings = {
				ALWAYS_SEARCH_USER_PATHS = NO;
				CLANG_CXX_LANGUAGE_STANDARD = "gnu++0x";
				CLANG_CXX_LIBRARY = "libc++";
				CLANG_ENABLE_MODULES = YES;
				CLANG_ENABLE_OBJC_ARC = YES;
				CLANG_WARN_BOOL_CONVERSION = YES;
				CLANG_WARN_CONSTANT_CONVERSION = YES;
				CLANG_WARN_DIRECT_OBJC_ISA_USAGE = YES_ERROR;
				CLANG_WARN_EMPTY_BODY = YES;
				CLANG_WARN_ENUM_CONVERSION = YES;
				CLANG_WARN_INT_CONVERSION = YES;
				CLANG_WARN_OBJC_ROOT_CLASS = YES_ERROR;
				CLANG_WARN_UNREACHABLE_CODE = YES;
				CLANG_WARN__DUPLICATE_METHOD_MATCH = YES;
				"CODE_SIGN_IDENTITY[sdk=iphoneos*]" = "iPhone Developer";
				COPY_PHASE_STRIP = NO;
				DEBUG_INFORMATION_FORMAT = dwarf;
				ENABLE_STRICT_OBJC_MSGSEND = YES;
				ENABLE_TESTABILITY = YES;
				GCC_C_LANGUAGE_STANDARD = gnu99;
				GCC_DYNAMIC_NO_PIC = NO;
				GCC_NO_COMMON_BLOCKS = YES;
				GCC_OPTIMIZATION_LEVEL = 0;
				GCC_PREPROCESSOR_DEFINITIONS = (
					"DEBUG=1",
					"$(inherited)",
				);
				GCC_WARN_64_TO_32_BIT_CONVERSION = YES;
				GCC_WARN_ABOUT_RETURN_TYPE = YES_ERROR;
				GCC_WARN_UNDECLARED_SELECTOR = YES;
				GCC_WARN_UNINITIALIZED_AUTOS = YES_AGGRESSIVE;
				GCC_WARN_UNUSED_FUNCTION = YES;
				GCC_WARN_UNUSED_VARIABLE = YES;
				IPHONEOS_DEPLOYMENT_TARGET = 9.1;
				MTL_ENABLE_DEBUG_INFO = YES;
				ONLY_ACTIVE_ARCH = YES;
				SDKROOT = iphoneos;
				SWIFT_OPTIMIZATION_LEVEL = "-Onone";
				TARGETED_DEVICE_FAMILY = "1,2";
			};
			name = Debug;
		};
		FC0333BE1C0C9BE8001E80D2 /* Release */ = {
			isa = XCBuildConfiguration;
			buildSettings = {
				ALWAYS_SEARCH_USER_PATHS = NO;
				CLANG_CXX_LANGUAGE_STANDARD = "gnu++0x";
				CLANG_CXX_LIBRARY = "libc++";
				CLANG_ENABLE_MODULES = YES;
				CLANG_ENABLE_OBJC_ARC = YES;
				CLANG_WARN_BOOL_CONVERSION = YES;
				CLANG_WARN_CONSTANT_CONVERSION = YES;
				CLANG_WARN_DIRECT_OBJC_ISA_USAGE = YES_ERROR;
				CLANG_WARN_EMPTY_BODY = YES;
				CLANG_WARN_ENUM_CONVERSION = YES;
				CLANG_WARN_INT_CONVERSION = YES;
				CLANG_WARN_OBJC_ROOT_CLASS = YES_ERROR;
				CLANG_WARN_UNREACHABLE_CODE = YES;
				CLANG_WARN__DUPLICATE_METHOD_MATCH = YES;
				"CODE_SIGN_IDENTITY[sdk=iphoneos*]" = "iPhone Developer";
				COPY_PHASE_STRIP = NO;
				DEBUG_INFORMATION_FORMAT = "dwarf-with-dsym";
				ENABLE_NS_ASSERTIONS = NO;
				ENABLE_STRICT_OBJC_MSGSEND = YES;
				GCC_C_LANGUAGE_STANDARD = gnu99;
				GCC_NO_COMMON_BLOCKS = YES;
				GCC_WARN_64_TO_32_BIT_CONVERSION = YES;
				GCC_WARN_ABOUT_RETURN_TYPE = YES_ERROR;
				GCC_WARN_UNDECLARED_SELECTOR = YES;
				GCC_WARN_UNINITIALIZED_AUTOS = YES_AGGRESSIVE;
				GCC_WARN_UNUSED_FUNCTION = YES;
				GCC_WARN_UNUSED_VARIABLE = YES;
				IPHONEOS_DEPLOYMENT_TARGET = 9.1;
				MTL_ENABLE_DEBUG_INFO = NO;
				SDKROOT = iphoneos;
				TARGETED_DEVICE_FAMILY = "1,2";
				VALIDATE_PRODUCT = YES;
			};
			name = Release;
		};
		FC0333C01C0C9BE8001E80D2 /* Debug */ = {
			isa = XCBuildConfiguration;
			baseConfigurationReference = 8B8F01C11DA2F15104579024 /* Pods-ASDK_CollectionCellNode-TableNode-crash.debug.xcconfig */;
			buildSettings = {
				ASSETCATALOG_COMPILER_APPICON_NAME = AppIcon;
				INFOPLIST_FILE = "ASDK_CollectionCellNode-TableNode-crash/Info.plist";
				IPHONEOS_DEPLOYMENT_TARGET = 8.0;
				LD_RUNPATH_SEARCH_PATHS = "$(inherited) @executable_path/Frameworks";
				PRODUCT_BUNDLE_IDENTIFIER = "com.izimobile.ASDK-CollectionCellNode-TableNode-crash";
				PRODUCT_NAME = "$(TARGET_NAME)";
			};
			name = Debug;
		};
		FC0333C11C0C9BE8001E80D2 /* Release */ = {
			isa = XCBuildConfiguration;
			baseConfigurationReference = 496EC6B2A10BF485D2CA3ED1 /* Pods-ASDK_CollectionCellNode-TableNode-crash.release.xcconfig */;
			buildSettings = {
				ASSETCATALOG_COMPILER_APPICON_NAME = AppIcon;
				INFOPLIST_FILE = "ASDK_CollectionCellNode-TableNode-crash/Info.plist";
				IPHONEOS_DEPLOYMENT_TARGET = 8.0;
				LD_RUNPATH_SEARCH_PATHS = "$(inherited) @executable_path/Frameworks";
				PRODUCT_BUNDLE_IDENTIFIER = "com.izimobile.ASDK-CollectionCellNode-TableNode-crash";
				PRODUCT_NAME = "$(TARGET_NAME)";
			};
			name = Release;
		};
/* End XCBuildConfiguration section */

/* Begin XCConfigurationList section */
		FC0333A81C0C9BE8001E80D2 /* Build configuration list for PBXProject "ASDK_CollectionCellNode-TableNode-crash" */ = {
			isa = XCConfigurationList;
			buildConfigurations = (
				FC0333BD1C0C9BE8001E80D2 /* Debug */,
				FC0333BE1C0C9BE8001E80D2 /* Release */,
			);
			defaultConfigurationIsVisible = 0;
			defaultConfigurationName = Release;
		};
		FC0333BF1C0C9BE8001E80D2 /* Build configuration list for PBXNativeTarget "ASDK_CollectionCellNode-TableNode-crash" */ = {
			isa = XCConfigurationList;
			buildConfigurations = (
				FC0333C01C0C9BE8001E80D2 /* Debug */,
				FC0333C11C0C9BE8001E80D2 /* Release */,
			);
			defaultConfigurationIsVisible = 0;
			defaultConfigurationName = Release;
		};
/* End XCConfigurationList section */
	};
	rootObject = FC0333A51C0C9BE8001E80D2 /* Project object */;
}
